{
  "version": 4,
  "terraform_version": "1.11.2",
  "serial": 875,
  "lineage": "420e0309-3f9f-a826-0cc5-8a91f9465840",
  "outputs": {},
  "resources": [
    {
      "module": "module.efs",
      "mode": "managed",
      "type": "aws_efs_access_point",
      "name": "eks_access_point",
      "provider": "provider[\"registry.terraform.io/hashicorp/aws\"]",
      "instances": [
        {
          "schema_version": 0,
          "attributes": {
            "arn": "arn:aws:elasticfilesystem:ap-southeast-1:590183945701:access-point/fsap-0383f64f2dd4138b7",
            "file_system_arn": "arn:aws:elasticfilesystem:ap-southeast-1:590183945701:file-system/fs-07cab217e68fda37a",
            "file_system_id": "fs-07cab217e68fda37a",
            "id": "fsap-0383f64f2dd4138b7",
            "owner_id": "590183945701",
            "posix_user": [],
            "root_directory": [
              {
                "creation_info": [
                  {
                    "owner_gid": 1001,
                    "owner_uid": 1001,
                    "permissions": "0777"
                  }
                ],
                "path": "/mysql"
              }
            ],
            "tags": {
              "Name": "EKS_AC"
            },
            "tags_all": {
              "Name": "EKS_AC"
            }
          },
          "sensitive_attributes": [],
          "private": "bnVsbA==",
          "dependencies": [
            "module.efs.aws_efs_file_system.eks_efs",
            "module.eks.aws_eks_addon.ekf_kube_proxy",
            "module.eks.aws_eks_addon.eks_coredns",
            "module.eks.aws_eks_addon.eks_vpc_cni",
            "module.eks.aws_eks_addon.pod_identity_agent",
            "module.eks.aws_eks_cluster.main_eks",
            "module.eks.aws_eks_node_group.main_node_group",
            "module.eks.aws_eks_pod_identity_association.vpc_cni",
            "module.eks.aws_iam_role.vpc_cni_pod_identity_role",
            "module.eks.aws_iam_role_policy_attachment.eks_cluster_policy",
            "module.eks.aws_iam_role_policy_attachment.eks_node_policy",
            "module.eks.aws_iam_role_policy_attachment.eks_vpc_cni_policy",
            "module.eks.aws_security_group.eks_SG",
            "module.eks.data.aws_iam_role.cluster_role",
            "module.eks.data.aws_iam_role.node_role",
            "module.vpc.aws_subnet.main_subnet",
            "module.vpc.aws_vpc.main_vpc",
            "module.vpc.data.aws_availability_zones.azs"
          ]
        }
      ]
    },
    {
      "module": "module.efs",
      "mode": "managed",
      "type": "aws_efs_file_system",
      "name": "eks_efs",
      "provider": "provider[\"registry.terraform.io/hashicorp/aws\"]",
      "instances": [
        {
          "schema_version": 0,
          "attributes": {
            "arn": "arn:aws:elasticfilesystem:ap-southeast-1:590183945701:file-system/fs-07cab217e68fda37a",
            "availability_zone_id": "",
            "availability_zone_name": "",
            "creation_token": "eks_efs",
            "dns_name": "fs-07cab217e68fda37a.efs.ap-southeast-1.amazonaws.com",
            "encrypted": true,
            "id": "fs-07cab217e68fda37a",
            "kms_key_id": "arn:aws:kms:ap-southeast-1:590183945701:key/fdfd1859-b2a1-4a2a-9025-0a4eab99775e",
            "lifecycle_policy": [
              {
                "transition_to_archive": "",
                "transition_to_ia": "AFTER_14_DAYS",
                "transition_to_primary_storage_class": ""
              },
              {
                "transition_to_archive": "AFTER_30_DAYS",
                "transition_to_ia": "",
                "transition_to_primary_storage_class": ""
              }
            ],
            "name": "EFS_mount_to_EKS",
            "number_of_mount_targets": 3,
            "owner_id": "590183945701",
            "performance_mode": "generalPurpose",
            "protection": [
              {
                "replication_overwrite": "ENABLED"
              }
            ],
            "provisioned_throughput_in_mibps": 0,
            "size_in_bytes": [
              {
                "value": 6144,
                "value_in_ia": 0,
                "value_in_standard": 6144
              }
            ],
            "tags": {
              "Name": "EFS_mount_to_EKS"
            },
            "tags_all": {
              "Name": "EFS_mount_to_EKS"
            },
            "throughput_mode": "elastic"
          },
          "sensitive_attributes": [],
          "private": "bnVsbA==",
          "dependencies": [
            "module.eks.aws_eks_addon.ekf_kube_proxy",
            "module.eks.aws_eks_addon.eks_coredns",
            "module.eks.aws_eks_addon.eks_vpc_cni",
            "module.eks.aws_eks_addon.pod_identity_agent",
            "module.eks.aws_eks_cluster.main_eks",
            "module.eks.aws_eks_node_group.main_node_group",
            "module.eks.aws_eks_pod_identity_association.vpc_cni",
            "module.eks.aws_iam_role.vpc_cni_pod_identity_role",
            "module.eks.aws_iam_role_policy_attachment.eks_cluster_policy",
            "module.eks.aws_iam_role_policy_attachment.eks_node_policy",
            "module.eks.aws_iam_role_policy_attachment.eks_vpc_cni_policy",
            "module.eks.aws_security_group.eks_SG",
            "module.eks.data.aws_iam_role.cluster_role",
            "module.eks.data.aws_iam_role.node_role",
            "module.vpc.aws_subnet.main_subnet",
            "module.vpc.aws_vpc.main_vpc",
            "module.vpc.data.aws_availability_zones.azs"
          ]
        }
      ]
    },
    {
      "module": "module.efs",
      "mode": "managed",
      "type": "aws_efs_mount_target",
      "name": "efs_mount_eks",
      "provider": "provider[\"registry.terraform.io/hashicorp/aws\"]",
      "instances": [
        {
          "index_key": 0,
          "schema_version": 0,
          "attributes": {
            "availability_zone_id": "apse1-az1",
            "availability_zone_name": "ap-southeast-1a",
            "dns_name": "fs-07cab217e68fda37a.efs.ap-southeast-1.amazonaws.com",
            "file_system_arn": "arn:aws:elasticfilesystem:ap-southeast-1:590183945701:file-system/fs-07cab217e68fda37a",
            "file_system_id": "fs-07cab217e68fda37a",
            "id": "fsmt-03340baf314ec035a",
            "ip_address": "10.0.0.38",
            "mount_target_dns_name": "ap-southeast-1a.fs-07cab217e68fda37a.efs.ap-southeast-1.amazonaws.com",
            "network_interface_id": "eni-041f3b1ecdbfa02a3",
            "owner_id": "590183945701",
            "security_groups": [
              "sg-02f696070adaefd71"
            ],
            "subnet_id": "subnet-06e7d07711a48a6c5",
            "timeouts": null
          },
          "sensitive_attributes": [],
          "private": "eyJlMmJmYjczMC1lY2FhLTExZTYtOGY4OC0zNDM2M2JjN2M0YzAiOnsiY3JlYXRlIjoxODAwMDAwMDAwMDAwLCJkZWxldGUiOjYwMDAwMDAwMDAwMH19",
          "dependencies": [
            "module.efs.aws_efs_file_system.eks_efs",
            "module.efs.aws_security_group.efs_SG",
            "module.eks.aws_eks_addon.ekf_kube_proxy",
            "module.eks.aws_eks_addon.eks_coredns",
            "module.eks.aws_eks_addon.eks_vpc_cni",
            "module.eks.aws_eks_addon.pod_identity_agent",
            "module.eks.aws_eks_cluster.main_eks",
            "module.eks.aws_eks_node_group.main_node_group",
            "module.eks.aws_eks_pod_identity_association.vpc_cni",
            "module.eks.aws_iam_role.vpc_cni_pod_identity_role",
            "module.eks.aws_iam_role_policy_attachment.eks_cluster_policy",
            "module.eks.aws_iam_role_policy_attachment.eks_node_policy",
            "module.eks.aws_iam_role_policy_attachment.eks_vpc_cni_policy",
            "module.eks.aws_security_group.eks_SG",
            "module.eks.data.aws_iam_role.cluster_role",
            "module.eks.data.aws_iam_role.node_role",
            "module.vpc.aws_subnet.main_subnet",
            "module.vpc.aws_vpc.main_vpc",
            "module.vpc.data.aws_availability_zones.azs"
          ]
        },
        {
          "index_key": 1,
          "schema_version": 0,
          "attributes": {
            "availability_zone_id": "apse1-az2",
            "availability_zone_name": "ap-southeast-1b",
            "dns_name": "fs-07cab217e68fda37a.efs.ap-southeast-1.amazonaws.com",
            "file_system_arn": "arn:aws:elasticfilesystem:ap-southeast-1:590183945701:file-system/fs-07cab217e68fda37a",
            "file_system_id": "fs-07cab217e68fda37a",
            "id": "fsmt-09d08687816091702",
            "ip_address": "10.0.0.78",
            "mount_target_dns_name": "ap-southeast-1b.fs-07cab217e68fda37a.efs.ap-southeast-1.amazonaws.com",
            "network_interface_id": "eni-08106f1a1bf66b4da",
            "owner_id": "590183945701",
            "security_groups": [
              "sg-02f696070adaefd71"
            ],
            "subnet_id": "subnet-0f772eb072c1a49ae",
            "timeouts": null
          },
          "sensitive_attributes": [],
          "private": "eyJlMmJmYjczMC1lY2FhLTExZTYtOGY4OC0zNDM2M2JjN2M0YzAiOnsiY3JlYXRlIjoxODAwMDAwMDAwMDAwLCJkZWxldGUiOjYwMDAwMDAwMDAwMH19",
          "dependencies": [
            "module.efs.aws_efs_file_system.eks_efs",
            "module.efs.aws_security_group.efs_SG",
            "module.eks.aws_eks_addon.ekf_kube_proxy",
            "module.eks.aws_eks_addon.eks_coredns",
            "module.eks.aws_eks_addon.eks_vpc_cni",
            "module.eks.aws_eks_addon.pod_identity_agent",
            "module.eks.aws_eks_cluster.main_eks",
            "module.eks.aws_eks_node_group.main_node_group",
            "module.eks.aws_eks_pod_identity_association.vpc_cni",
            "module.eks.aws_iam_role.vpc_cni_pod_identity_role",
            "module.eks.aws_iam_role_policy_attachment.eks_cluster_policy",
            "module.eks.aws_iam_role_policy_attachment.eks_node_policy",
            "module.eks.aws_iam_role_policy_attachment.eks_vpc_cni_policy",
            "module.eks.aws_security_group.eks_SG",
            "module.eks.data.aws_iam_role.cluster_role",
            "module.eks.data.aws_iam_role.node_role",
            "module.vpc.aws_subnet.main_subnet",
            "module.vpc.aws_vpc.main_vpc",
            "module.vpc.data.aws_availability_zones.azs"
          ]
        },
        {
          "index_key": 2,
          "schema_version": 0,
          "attributes": {
            "availability_zone_id": "apse1-az3",
            "availability_zone_name": "ap-southeast-1c",
            "dns_name": "fs-07cab217e68fda37a.efs.ap-southeast-1.amazonaws.com",
            "file_system_arn": "arn:aws:elasticfilesystem:ap-southeast-1:590183945701:file-system/fs-07cab217e68fda37a",
            "file_system_id": "fs-07cab217e68fda37a",
            "id": "fsmt-002bce56a2fc7f090",
            "ip_address": "10.0.0.144",
            "mount_target_dns_name": "ap-southeast-1c.fs-07cab217e68fda37a.efs.ap-southeast-1.amazonaws.com",
            "network_interface_id": "eni-0f695457c312e42e7",
            "owner_id": "590183945701",
            "security_groups": [
              "sg-02f696070adaefd71"
            ],
            "subnet_id": "subnet-0874624c952c75d15",
            "timeouts": null
          },
          "sensitive_attributes": [],
          "private": "eyJlMmJmYjczMC1lY2FhLTExZTYtOGY4OC0zNDM2M2JjN2M0YzAiOnsiY3JlYXRlIjoxODAwMDAwMDAwMDAwLCJkZWxldGUiOjYwMDAwMDAwMDAwMH19",
          "dependencies": [
            "module.efs.aws_efs_file_system.eks_efs",
            "module.efs.aws_security_group.efs_SG",
            "module.eks.aws_eks_addon.ekf_kube_proxy",
            "module.eks.aws_eks_addon.eks_coredns",
            "module.eks.aws_eks_addon.eks_vpc_cni",
            "module.eks.aws_eks_addon.pod_identity_agent",
            "module.eks.aws_eks_cluster.main_eks",
            "module.eks.aws_eks_node_group.main_node_group",
            "module.eks.aws_eks_pod_identity_association.vpc_cni",
            "module.eks.aws_iam_role.vpc_cni_pod_identity_role",
            "module.eks.aws_iam_role_policy_attachment.eks_cluster_policy",
            "module.eks.aws_iam_role_policy_attachment.eks_node_policy",
            "module.eks.aws_iam_role_policy_attachment.eks_vpc_cni_policy",
            "module.eks.aws_security_group.eks_SG",
            "module.eks.data.aws_iam_role.cluster_role",
            "module.eks.data.aws_iam_role.node_role",
            "module.vpc.aws_subnet.main_subnet",
            "module.vpc.aws_vpc.main_vpc",
            "module.vpc.data.aws_availability_zones.azs"
          ]
        }
      ]
    },
    {
      "module": "module.efs",
      "mode": "managed",
      "type": "aws_security_group",
      "name": "efs_SG",
      "provider": "provider[\"registry.terraform.io/hashicorp/aws\"]",
      "instances": [
        {
          "schema_version": 1,
          "attributes": {
            "arn": "arn:aws:ec2:ap-southeast-1:590183945701:security-group/sg-02f696070adaefd71",
            "description": "EKS_Terraform_SG",
            "egress": [
              {
                "cidr_blocks": [
                  "0.0.0.0/0"
                ],
                "description": "",
                "from_port": 0,
                "ipv6_cidr_blocks": [],
                "prefix_list_ids": [],
                "protocol": "-1",
                "security_groups": [],
                "self": false,
                "to_port": 0
              }
            ],
            "id": "sg-02f696070adaefd71",
            "ingress": [
              {
                "cidr_blocks": [],
                "description": "Inbound Rule",
                "from_port": 2049,
                "ipv6_cidr_blocks": [],
                "prefix_list_ids": [],
                "protocol": "tcp",
                "security_groups": [
                  "sg-0e7def17a70530955"
                ],
                "self": false,
                "to_port": 2049
              }
            ],
            "name": "EFS_Terraform_SG",
            "name_prefix": "",
            "owner_id": "590183945701",
            "revoke_rules_on_delete": false,
            "tags": {
              "Name": "EFS_Terraform_SG"
            },
            "tags_all": {
              "Name": "EFS_Terraform_SG"
            },
            "timeouts": null,
            "vpc_id": "vpc-0646d709e8cf72bfd"
          },
          "sensitive_attributes": [],
          "private": "eyJlMmJmYjczMC1lY2FhLTExZTYtOGY4OC0zNDM2M2JjN2M0YzAiOnsiY3JlYXRlIjo2MDAwMDAwMDAwMDAsImRlbGV0ZSI6OTAwMDAwMDAwMDAwfSwic2NoZW1hX3ZlcnNpb24iOiIxIn0=",
          "dependencies": [
            "module.eks.aws_eks_addon.ekf_kube_proxy",
            "module.eks.aws_eks_addon.eks_coredns",
            "module.eks.aws_eks_addon.eks_vpc_cni",
            "module.eks.aws_eks_addon.pod_identity_agent",
            "module.eks.aws_eks_cluster.main_eks",
            "module.eks.aws_eks_node_group.main_node_group",
            "module.eks.aws_eks_pod_identity_association.vpc_cni",
            "module.eks.aws_iam_role.vpc_cni_pod_identity_role",
            "module.eks.aws_iam_role_policy_attachment.eks_cluster_policy",
            "module.eks.aws_iam_role_policy_attachment.eks_node_policy",
            "module.eks.aws_iam_role_policy_attachment.eks_vpc_cni_policy",
            "module.eks.aws_security_group.eks_SG",
            "module.eks.data.aws_iam_role.cluster_role",
            "module.eks.data.aws_iam_role.node_role",
            "module.vpc.aws_subnet.main_subnet",
            "module.vpc.aws_vpc.main_vpc",
            "module.vpc.data.aws_availability_zones.azs"
          ]
        }
      ]
    },
    {
      "module": "module.eks",
      "mode": "data",
      "type": "aws_iam_role",
      "name": "cluster_role",
      "provider": "provider[\"registry.terraform.io/hashicorp/aws\"]",
      "instances": [
        {
          "schema_version": 0,
          "attributes": {
            "arn": "arn:aws:iam::590183945701:role/AmazonEKSAutoClusterRole",
            "assume_role_policy": "{\"Version\":\"2012-10-17\",\"Statement\":[{\"Effect\":\"Allow\",\"Principal\":{\"Service\":\"eks.amazonaws.com\"},\"Action\":[\"sts:AssumeRole\",\"sts:TagSession\"]}]}",
            "create_date": "2025-04-02T15:22:18Z",
            "description": "Allows access to other AWS service resources that are required to operate Auto Mode clusters managed by EKS.",
            "id": "AmazonEKSAutoClusterRole",
            "max_session_duration": 3600,
            "name": "AmazonEKSAutoClusterRole",
            "path": "/",
            "permissions_boundary": "",
            "role_last_used": [
              {
                "last_used_date": "2025-06-10T05:06:50Z",
                "region": "ap-southeast-1"
              }
            ],
            "tags": {},
            "unique_id": "AROAYS2NUKXSXTLTZRWET"
          },
          "sensitive_attributes": []
        }
      ]
    },
    {
      "module": "module.eks",
      "mode": "data",
      "type": "aws_iam_role",
      "name": "node_role",
      "provider": "provider[\"registry.terraform.io/hashicorp/aws\"]",
      "instances": [
        {
          "schema_version": 0,
          "attributes": {
            "arn": "arn:aws:iam::590183945701:role/ec2roleforeks",
            "assume_role_policy": "{\"Version\":\"2012-10-17\",\"Statement\":[{\"Effect\":\"Allow\",\"Principal\":{\"Service\":\"ec2.amazonaws.com\"},\"Action\":\"sts:AssumeRole\"}]}",
            "create_date": "2025-04-02T15:52:40Z",
            "description": "Allows EC2 instances to call AWS services on your behalf.",
            "id": "ec2roleforeks",
            "max_session_duration": 3600,
            "name": "ec2roleforeks",
            "path": "/",
            "permissions_boundary": "",
            "role_last_used": [
              {
                "last_used_date": "2025-06-10T05:06:42Z",
                "region": "ap-southeast-1"
              }
            ],
            "tags": {},
            "unique_id": "AROAYS2NUKXS36SXQK3GN"
          },
          "sensitive_attributes": []
        }
      ]
    },
    {
      "module": "module.eks",
      "mode": "managed",
      "type": "aws_eks_addon",
      "name": "ekf_kube_proxy",
      "provider": "provider[\"registry.terraform.io/hashicorp/aws\"]",
      "instances": [
        {
          "schema_version": 0,
          "attributes": {
            "addon_name": "kube-proxy",
            "addon_version": "v1.32.0-eksbuild.2",
            "arn": "arn:aws:eks:ap-southeast-1:590183945701:addon/testing_k8s/kube-proxy/8ecbac11-c848-b086-60fd-b712c1531e23",
            "cluster_name": "testing_k8s",
            "configuration_values": "",
            "created_at": "2025-06-10T04:40:15Z",
            "id": "testing_k8s:kube-proxy",
            "modified_at": "2025-06-10T04:40:22Z",
            "pod_identity_association": [],
            "preserve": null,
            "resolve_conflicts": null,
            "resolve_conflicts_on_create": null,
            "resolve_conflicts_on_update": null,
            "service_account_role_arn": "",
            "tags": {},
            "tags_all": {},
            "timeouts": null
          },
          "sensitive_attributes": [],
          "private": "eyJlMmJmYjczMC1lY2FhLTExZTYtOGY4OC0zNDM2M2JjN2M0YzAiOnsiY3JlYXRlIjoxMjAwMDAwMDAwMDAwLCJkZWxldGUiOjI0MDAwMDAwMDAwMDAsInVwZGF0ZSI6MTIwMDAwMDAwMDAwMH19",
          "dependencies": [
            "module.eks.aws_eks_cluster.main_eks",
            "module.eks.aws_iam_role_policy_attachment.eks_cluster_policy",
            "module.eks.aws_security_group.eks_SG",
            "module.eks.data.aws_iam_role.cluster_role",
            "module.vpc.aws_subnet.main_subnet",
            "module.vpc.aws_vpc.main_vpc",
            "module.vpc.data.aws_availability_zones.azs"
          ]
        }
      ]
    },
    {
      "module": "module.eks",
      "mode": "managed",
      "type": "aws_eks_addon",
      "name": "eks_coredns",
      "provider": "provider[\"registry.terraform.io/hashicorp/aws\"]",
      "instances": [
        {
          "schema_version": 0,
          "attributes": {
            "addon_name": "coredns",
            "addon_version": "v1.11.4-eksbuild.2",
            "arn": "arn:aws:eks:ap-southeast-1:590183945701:addon/testing_k8s/coredns/7ecbac12-9d33-d984-ac03-ae1d2f92ee01",
            "cluster_name": "testing_k8s",
            "configuration_values": "",
            "created_at": "2025-06-10T04:42:04Z",
            "id": "testing_k8s:coredns",
            "modified_at": "2025-06-10T04:42:48Z",
            "pod_identity_association": [],
            "preserve": null,
            "resolve_conflicts": null,
            "resolve_conflicts_on_create": null,
            "resolve_conflicts_on_update": "PRESERVE",
            "service_account_role_arn": "",
            "tags": {},
            "tags_all": {},
            "timeouts": null
          },
          "sensitive_attributes": [],
          "private": "eyJlMmJmYjczMC1lY2FhLTExZTYtOGY4OC0zNDM2M2JjN2M0YzAiOnsiY3JlYXRlIjoxMjAwMDAwMDAwMDAwLCJkZWxldGUiOjI0MDAwMDAwMDAwMDAsInVwZGF0ZSI6MTIwMDAwMDAwMDAwMH19",
          "dependencies": [
            "module.eks.aws_eks_cluster.main_eks",
            "module.eks.aws_eks_node_group.main_node_group",
            "module.eks.aws_iam_role_policy_attachment.eks_cluster_policy",
            "module.eks.aws_iam_role_policy_attachment.eks_node_policy",
            "module.eks.aws_security_group.eks_SG",
            "module.eks.data.aws_iam_role.cluster_role",
            "module.eks.data.aws_iam_role.node_role",
            "module.vpc.aws_subnet.main_subnet",
            "module.vpc.aws_vpc.main_vpc",
            "module.vpc.data.aws_availability_zones.azs"
          ]
        }
      ]
    },
    {
      "module": "module.eks",
      "mode": "managed",
      "type": "aws_eks_addon",
      "name": "eks_vpc_cni",
      "provider": "provider[\"registry.terraform.io/hashicorp/aws\"]",
      "instances": [
        {
          "schema_version": 0,
          "attributes": {
            "addon_name": "vpc-cni",
            "addon_version": "v1.19.2-eksbuild.1",
            "arn": "arn:aws:eks:ap-southeast-1:590183945701:addon/testing_k8s/vpc-cni/34cbac13-d67e-dfc1-e2ad-e3cc5968b080",
            "cluster_name": "testing_k8s",
            "configuration_values": "",
            "created_at": "2025-06-10T04:44:44Z",
            "id": "testing_k8s:vpc-cni",
            "modified_at": "2025-06-10T04:45:23Z",
            "pod_identity_association": [],
            "preserve": null,
            "resolve_conflicts": null,
            "resolve_conflicts_on_create": null,
            "resolve_conflicts_on_update": null,
            "service_account_role_arn": "",
            "tags": {},
            "tags_all": {},
            "timeouts": null
          },
          "sensitive_attributes": [],
          "private": "eyJlMmJmYjczMC1lY2FhLTExZTYtOGY4OC0zNDM2M2JjN2M0YzAiOnsiY3JlYXRlIjoxMjAwMDAwMDAwMDAwLCJkZWxldGUiOjI0MDAwMDAwMDAwMDAsInVwZGF0ZSI6MTIwMDAwMDAwMDAwMH19",
          "dependencies": [
            "module.eks.aws_eks_addon.pod_identity_agent",
            "module.eks.aws_eks_cluster.main_eks",
            "module.eks.aws_eks_node_group.main_node_group",
            "module.eks.aws_eks_pod_identity_association.vpc_cni",
            "module.eks.aws_iam_role.vpc_cni_pod_identity_role",
            "module.eks.aws_iam_role_policy_attachment.eks_cluster_policy",
            "module.eks.aws_iam_role_policy_attachment.eks_node_policy",
            "module.eks.aws_security_group.eks_SG",
            "module.eks.data.aws_iam_role.cluster_role",
            "module.eks.data.aws_iam_role.node_role",
            "module.vpc.aws_subnet.main_subnet",
            "module.vpc.aws_vpc.main_vpc",
            "module.vpc.data.aws_availability_zones.azs"
          ]
        }
      ]
    },
    {
      "module": "module.eks",
      "mode": "managed",
      "type": "aws_eks_addon",
      "name": "pod_identity_agent",
      "provider": "provider[\"registry.terraform.io/hashicorp/aws\"]",
      "instances": [
        {
          "schema_version": 0,
          "attributes": {
            "addon_name": "eks-pod-identity-agent",
            "addon_version": "v1.3.7-eksbuild.2",
            "arn": "arn:aws:eks:ap-southeast-1:590183945701:addon/testing_k8s/eks-pod-identity-agent/38cbac11-c84d-d014-d0fb-4dc7a602d289",
            "cluster_name": "testing_k8s",
            "configuration_values": "",
            "created_at": "2025-06-10T04:40:15Z",
            "id": "testing_k8s:eks-pod-identity-agent",
            "modified_at": "2025-06-10T04:40:21Z",
            "pod_identity_association": [],
            "preserve": null,
            "resolve_conflicts": null,
            "resolve_conflicts_on_create": null,
            "resolve_conflicts_on_update": null,
            "service_account_role_arn": "",
            "tags": {},
            "tags_all": {},
            "timeouts": null
          },
          "sensitive_attributes": [],
          "private": "eyJlMmJmYjczMC1lY2FhLTExZTYtOGY4OC0zNDM2M2JjN2M0YzAiOnsiY3JlYXRlIjoxMjAwMDAwMDAwMDAwLCJkZWxldGUiOjI0MDAwMDAwMDAwMDAsInVwZGF0ZSI6MTIwMDAwMDAwMDAwMH19",
          "dependencies": [
            "module.eks.aws_eks_cluster.main_eks",
            "module.eks.aws_iam_role_policy_attachment.eks_cluster_policy",
            "module.eks.aws_security_group.eks_SG",
            "module.eks.data.aws_iam_role.cluster_role",
            "module.vpc.aws_subnet.main_subnet",
            "module.vpc.aws_vpc.main_vpc",
            "module.vpc.data.aws_availability_zones.azs"
          ]
        }
      ]
    },
    {
      "module": "module.eks",
      "mode": "managed",
      "type": "aws_eks_cluster",
      "name": "main_eks",
      "provider": "provider[\"registry.terraform.io/hashicorp/aws\"]",
      "instances": [
        {
          "schema_version": 1,
          "attributes": {
            "access_config": [
              {
                "authentication_mode": "CONFIG_MAP",
                "bootstrap_cluster_creator_admin_permissions": true
              }
            ],
            "arn": "arn:aws:eks:ap-southeast-1:590183945701:cluster/testing_k8s",
            "bootstrap_self_managed_addons": true,
            "certificate_authority": [
              {
                "data": "LS0tLS1CRUdJTiBDRVJUSUZJQ0FURS0tLS0tCk1JSURCVENDQWUyZ0F3SUJBZ0lJWkVtazdHMTRhU0V3RFFZSktvWklodmNOQVFFTEJRQXdGVEVUTUJFR0ExVUUKQXhNS2EzVmlaWEp1WlhSbGN6QWVGdzB5TlRBMk1UQXdORE14TUROYUZ3MHpOVEEyTURnd05ETTJNRE5hTUJVeApFekFSQmdOVkJBTVRDbXQxWW1WeWJtVjBaWE13Z2dFaU1BMEdDU3FHU0liM0RRRUJBUVVBQTRJQkR3QXdnZ0VLCkFvSUJBUUQwRGl0cjM0YzQyNktuYnhLTmtsdkRNMWZlcU9yQklCRXN2ajEwUW56L2trQ1RWODZ6dGd0b3ZIMDUKYTF0ckxaZGdtaVY4WWdTYTdVeW1QNUg5bndpSHlZUzNBeFNPUTRXUDhZMjIzQjhRR2NJVDFlc3VHZUdWQWhDVApVMTdsY3JQQkJRNnhvNHRLYklGK1ZYbFowWEZiS1BFOGtNQmlqVUhGNGcrQU1UMnhFWkNuelNmamdIYmUzdThECi9JUUhwQTVrU1JON0hHOXNpSUFEN2pqdW9TVDJyOEFLRFRpSGNYb2lzV2Zyd21tdC9NS2xyZ2Myenk0MHZ3Um4KQTJadHhYb1hLWHRXYm5xdXVuMEdHOGJZemMrOTFwbXV5T1VudmhsSkpFMWZLUDVqRXRaQlNlNWdnamR3N1VjegpkSWViNUt4bjFFK1VOMmJBUHhtSXpiWVJYdU81QWdNQkFBR2pXVEJYTUE0R0ExVWREd0VCL3dRRUF3SUNwREFQCkJnTlZIUk1CQWY4RUJUQURBUUgvTUIwR0ExVWREZ1FXQkJSbjFaV3FLNWlXVDF5WkUvNnJKRkhzaDk2MzJEQVYKQmdOVkhSRUVEakFNZ2dwcmRXSmxjbTVsZEdWek1BMEdDU3FHU0liM0RRRUJDd1VBQTRJQkFRQUJjOE1ic2ErWgp4eFNvRUlOZC9FczFaRVlUS0lQeVdjeTgvOXpoakthT1ovWmJYL01YYkxuOVNlZVhxL01nQXkrNnUycEVkUUtVCmcraGZhdG5kVGJkd0JsMXdyT0JjTk9GemErV2lUaW5sdCsrNFZxM0JQVE93YzgwbDJjcGZvLzEya21OUjF3VkUKSExNL3JVWFhmbUd3c3JNS3lKOFRZTjhqaGZ4dGIxb3BlM3JsZEszWThZWEN4KzNuUzN5cGsxYTQyVkJrZnowVApZN0Uxa0hhcWFZZEVQT2pLc2EvbHg3SDlmbkVBNUwzZ28vZlJKZlluVTFEdGJ1QjZLUzlaMGg1aE82N2FKbnhOCjJ4RFRoNk02bkpOMGVWS2tXdkszcXNVVFMrUmFlOXcrQU1EVjZNQzJ3UWxvNnRSMG0yamQ4T0VNUzdEWEtQUmUKaTNJM0ZaNVZXbW90Ci0tLS0tRU5EIENFUlRJRklDQVRFLS0tLS0K"
              }
            ],
            "cluster_id": null,
            "compute_config": [],
            "created_at": "2025-06-10T04:31:52Z",
            "enabled_cluster_log_types": [],
            "encryption_config": [],
            "endpoint": "https://2399B747FAE919258574DDF2006F1C42.gr7.ap-southeast-1.eks.amazonaws.com",
            "force_update_version": null,
            "id": "testing_k8s",
            "identity": [
              {
                "oidc": [
                  {
                    "issuer": "https://oidc.eks.ap-southeast-1.amazonaws.com/id/2399B747FAE919258574DDF2006F1C42"
                  }
                ]
              }
            ],
            "kubernetes_network_config": [
              {
                "elastic_load_balancing": [
                  {
                    "enabled": false
                  }
                ],
                "ip_family": "ipv4",
                "service_ipv4_cidr": "172.20.0.0/16",
                "service_ipv6_cidr": ""
              }
            ],
            "name": "testing_k8s",
            "outpost_config": [],
            "platform_version": "eks.12",
            "remote_network_config": [],
            "role_arn": "arn:aws:iam::590183945701:role/AmazonEKSAutoClusterRole",
            "status": "ACTIVE",
            "storage_config": [],
            "tags": {},
            "tags_all": {},
            "timeouts": null,
            "upgrade_policy": [
              {
                "support_type": "EXTENDED"
              }
            ],
            "version": "1.32",
            "vpc_config": [
              {
                "cluster_security_group_id": "sg-02adc192721392b49",
                "endpoint_private_access": true,
                "endpoint_public_access": true,
                "public_access_cidrs": [
                  "0.0.0.0/0"
                ],
                "security_group_ids": [
                  "sg-0e7def17a70530955"
                ],
                "subnet_ids": [
                  "subnet-06e7d07711a48a6c5",
                  "subnet-0874624c952c75d15",
                  "subnet-0f772eb072c1a49ae"
                ],
                "vpc_id": "vpc-0646d709e8cf72bfd"
              }
            ],
            "zonal_shift_config": []
          },
          "sensitive_attributes": [],
          "private": "eyJlMmJmYjczMC1lY2FhLTExZTYtOGY4OC0zNDM2M2JjN2M0YzAiOnsiY3JlYXRlIjoxODAwMDAwMDAwMDAwLCJkZWxldGUiOjkwMDAwMDAwMDAwMCwidXBkYXRlIjozNjAwMDAwMDAwMDAwfSwic2NoZW1hX3ZlcnNpb24iOiIxIn0=",
          "dependencies": [
            "module.eks.aws_iam_role_policy_attachment.eks_cluster_policy",
            "module.eks.aws_security_group.eks_SG",
            "module.eks.data.aws_iam_role.cluster_role",
            "module.vpc.aws_subnet.main_subnet",
            "module.vpc.aws_vpc.main_vpc",
            "module.vpc.data.aws_availability_zones.azs"
          ]
        }
      ]
    },
    {
      "module": "module.eks",
      "mode": "managed",
      "type": "aws_eks_node_group",
      "name": "main_node_group",
      "provider": "provider[\"registry.terraform.io/hashicorp/aws\"]",
      "instances": [
        {
          "schema_version": 0,
          "attributes": {
            "ami_type": "AL2_x86_64",
            "arn": "arn:aws:eks:ap-southeast-1:590183945701:nodegroup/testing_k8s/test-node-group/62cbac11-c844-63fc-c628-72c38f703f55",
            "capacity_type": "ON_DEMAND",
            "cluster_name": "testing_k8s",
            "disk_size": 30,
            "force_update_version": null,
            "id": "testing_k8s:test-node-group",
            "instance_types": [
              "t3.medium"
            ],
            "labels": {},
            "launch_template": [],
            "node_group_name": "test-node-group",
            "node_group_name_prefix": "",
            "node_repair_config": [],
            "node_role_arn": "arn:aws:iam::590183945701:role/ec2roleforeks",
            "release_version": "1.32.3-20250519",
            "remote_access": [
              {
                "ec2_ssh_key": "singapure-key",
                "source_security_group_ids": [
                  "sg-0e7def17a70530955"
                ]
              }
            ],
            "resources": [
              {
                "autoscaling_groups": [
                  {
                    "name": "eks-test-node-group-62cbac11-c844-63fc-c628-72c38f703f55"
                  }
                ],
                "remote_access_security_group_id": "sg-03aa5e105ee601d5f"
              }
            ],
            "scaling_config": [
              {
                "desired_size": 2,
                "max_size": 4,
                "min_size": 1
              }
            ],
            "status": "ACTIVE",
            "subnet_ids": [
              "subnet-06e7d07711a48a6c5",
              "subnet-0874624c952c75d15",
              "subnet-0f772eb072c1a49ae"
            ],
            "tags": {},
            "tags_all": {},
            "taint": [],
            "timeouts": null,
            "update_config": [
              {
                "max_unavailable": 1,
                "max_unavailable_percentage": 0
              }
            ],
            "version": "1.32"
          },
          "sensitive_attributes": [],
          "private": "eyJlMmJmYjczMC1lY2FhLTExZTYtOGY4OC0zNDM2M2JjN2M0YzAiOnsiY3JlYXRlIjozNjAwMDAwMDAwMDAwLCJkZWxldGUiOjM2MDAwMDAwMDAwMDAsInVwZGF0ZSI6MzYwMDAwMDAwMDAwMH19",
          "dependencies": [
            "module.eks.aws_eks_cluster.main_eks",
            "module.eks.aws_iam_role_policy_attachment.eks_cluster_policy",
            "module.eks.aws_iam_role_policy_attachment.eks_node_policy",
            "module.eks.aws_security_group.eks_SG",
            "module.eks.data.aws_iam_role.cluster_role",
            "module.eks.data.aws_iam_role.node_role",
            "module.vpc.aws_subnet.main_subnet",
            "module.vpc.aws_vpc.main_vpc",
            "module.vpc.data.aws_availability_zones.azs"
          ]
        }
      ]
    },
    {
      "module": "module.eks",
      "mode": "managed",
      "type": "aws_eks_pod_identity_association",
      "name": "vpc_cni",
      "provider": "provider[\"registry.terraform.io/hashicorp/aws\"]",
      "instances": [
        {
          "schema_version": 0,
          "attributes": {
            "association_arn": "arn:aws:eks:ap-southeast-1:590183945701:podidentityassociation/testing_k8s/a-hnpwmngcyvqnyv27w",
            "association_id": "a-hnpwmngcyvqnyv27w",
            "cluster_name": "testing_k8s",
            "id": "a-hnpwmngcyvqnyv27w",
            "namespace": "kube-system",
            "role_arn": "arn:aws:iam::590183945701:role/Terraform_AmazonEKSPodIdentityAmazonVPCCNIRole",
            "service_account": "aws-node",
            "tags": null,
            "tags_all": {}
          },
          "sensitive_attributes": [],
          "dependencies": [
            "module.eks.aws_eks_addon.pod_identity_agent",
            "module.eks.aws_eks_cluster.main_eks",
            "module.eks.aws_eks_node_group.main_node_group",
            "module.eks.aws_iam_role.vpc_cni_pod_identity_role",
            "module.eks.aws_iam_role_policy_attachment.eks_cluster_policy",
            "module.eks.aws_iam_role_policy_attachment.eks_node_policy",
            "module.eks.aws_security_group.eks_SG",
            "module.eks.data.aws_iam_role.cluster_role",
            "module.eks.data.aws_iam_role.node_role",
            "module.vpc.aws_subnet.main_subnet",
            "module.vpc.aws_vpc.main_vpc",
            "module.vpc.data.aws_availability_zones.azs"
          ]
        }
      ]
    },
    {
      "module": "module.eks",
      "mode": "managed",
      "type": "aws_iam_role",
      "name": "vpc_cni_pod_identity_role",
      "provider": "provider[\"registry.terraform.io/hashicorp/aws\"]",
      "instances": [
        {
          "schema_version": 0,
          "attributes": {
            "arn": "arn:aws:iam::590183945701:role/Terraform_AmazonEKSPodIdentityAmazonVPCCNIRole",
            "assume_role_policy": "{\"Statement\":[{\"Action\":[\"sts:AssumeRole\",\"sts:TagSession\"],\"Effect\":\"Allow\",\"Principal\":{\"Service\":\"pods.eks.amazonaws.com\"}}],\"Version\":\"2012-10-17\"}",
            "create_date": "2025-06-10T04:44:42Z",
            "description": "",
            "force_detach_policies": false,
            "id": "Terraform_AmazonEKSPodIdentityAmazonVPCCNIRole",
            "inline_policy": [],
            "managed_policy_arns": [
              "arn:aws:iam::aws:policy/AmazonEKS_CNI_Policy"
            ],
            "max_session_duration": 3600,
            "name": "Terraform_AmazonEKSPodIdentityAmazonVPCCNIRole",
            "name_prefix": "",
            "path": "/",
            "permissions_boundary": "",
            "tags": {},
            "tags_all": {},
            "unique_id": "AROAYS2NUKXS27VWOM4YS"
          },
          "sensitive_attributes": [],
          "private": "bnVsbA=="
        }
      ]
    },
    {
      "module": "module.eks",
      "mode": "managed",
      "type": "aws_iam_role_policy_attachment",
      "name": "eks_cluster_policy",
      "provider": "provider[\"registry.terraform.io/hashicorp/aws\"]",
      "instances": [
        {
          "index_key": "arn:aws:iam::aws:policy/AmazonEKSBlockStoragePolicy",
          "schema_version": 0,
          "attributes": {
            "id": "AmazonEKSAutoClusterRole-20250610041431011100000004",
            "policy_arn": "arn:aws:iam::aws:policy/AmazonEKSBlockStoragePolicy",
            "role": "AmazonEKSAutoClusterRole"
          },
          "sensitive_attributes": [],
          "private": "bnVsbA==",
          "dependencies": [
            "module.eks.data.aws_iam_role.cluster_role"
          ]
        },
        {
          "index_key": "arn:aws:iam::aws:policy/AmazonEKSClusterPolicy",
          "schema_version": 0,
          "attributes": {
            "id": "AmazonEKSAutoClusterRole-20250610041431038400000008",
            "policy_arn": "arn:aws:iam::aws:policy/AmazonEKSClusterPolicy",
            "role": "AmazonEKSAutoClusterRole"
          },
          "sensitive_attributes": [],
          "private": "bnVsbA==",
          "dependencies": [
            "module.eks.data.aws_iam_role.cluster_role"
          ]
        },
        {
          "index_key": "arn:aws:iam::aws:policy/AmazonEKSComputePolicy",
          "schema_version": 0,
          "attributes": {
            "id": "AmazonEKSAutoClusterRole-20250610041430969100000002",
            "policy_arn": "arn:aws:iam::aws:policy/AmazonEKSComputePolicy",
            "role": "AmazonEKSAutoClusterRole"
          },
          "sensitive_attributes": [],
          "private": "bnVsbA==",
          "dependencies": [
            "module.eks.data.aws_iam_role.cluster_role"
          ]
        },
        {
          "index_key": "arn:aws:iam::aws:policy/AmazonEKSLoadBalancingPolicy",
          "schema_version": 0,
          "attributes": {
            "id": "AmazonEKSAutoClusterRole-20250610041431021000000007",
            "policy_arn": "arn:aws:iam::aws:policy/AmazonEKSLoadBalancingPolicy",
            "role": "AmazonEKSAutoClusterRole"
          },
          "sensitive_attributes": [],
          "private": "bnVsbA==",
          "dependencies": [
            "module.eks.data.aws_iam_role.cluster_role"
          ]
        },
        {
          "index_key": "arn:aws:iam::aws:policy/AmazonEKSNetworkingPolicy",
          "schema_version": 0,
          "attributes": {
            "id": "AmazonEKSAutoClusterRole-20250610041430956100000001",
            "policy_arn": "arn:aws:iam::aws:policy/AmazonEKSNetworkingPolicy",
            "role": "AmazonEKSAutoClusterRole"
          },
          "sensitive_attributes": [],
          "private": "bnVsbA==",
          "dependencies": [
            "module.eks.data.aws_iam_role.cluster_role"
          ]
        }
      ]
    },
    {
      "module": "module.eks",
      "mode": "managed",
      "type": "aws_iam_role_policy_attachment",
      "name": "eks_node_policy",
      "provider": "provider[\"registry.terraform.io/hashicorp/aws\"]",
      "instances": [
        {
          "index_key": "arn:aws:iam::aws:policy/AmazonEC2ContainerRegistryReadOnly",
          "schema_version": 0,
          "attributes": {
            "id": "ec2roleforeks-20250610041430979900000003",
            "policy_arn": "arn:aws:iam::aws:policy/AmazonEC2ContainerRegistryReadOnly",
            "role": "ec2roleforeks"
          },
          "sensitive_attributes": [],
          "private": "bnVsbA==",
          "dependencies": [
            "module.eks.data.aws_iam_role.node_role"
          ]
        },
        {
          "index_key": "arn:aws:iam::aws:policy/AmazonEKSLoadBalancingPolicy",
          "schema_version": 0,
          "attributes": {
            "id": "ec2roleforeks-20250610043127919000000001",
            "policy_arn": "arn:aws:iam::aws:policy/AmazonEKSLoadBalancingPolicy",
            "role": "ec2roleforeks"
          },
          "sensitive_attributes": [],
          "private": "bnVsbA==",
          "dependencies": [
            "module.eks.data.aws_iam_role.node_role"
          ]
        },
        {
          "index_key": "arn:aws:iam::aws:policy/AmazonEKSWorkerNodePolicy",
          "schema_version": 0,
          "attributes": {
            "id": "ec2roleforeks-2025061004143153760000000a",
            "policy_arn": "arn:aws:iam::aws:policy/AmazonEKSWorkerNodePolicy",
            "role": "ec2roleforeks"
          },
          "sensitive_attributes": [],
          "private": "bnVsbA==",
          "dependencies": [
            "module.eks.data.aws_iam_role.node_role"
          ]
        },
        {
          "index_key": "arn:aws:iam::aws:policy/AmazonEKS_CNI_Policy",
          "schema_version": 0,
          "attributes": {
            "id": "ec2roleforeks-20250610041431266600000009",
            "policy_arn": "arn:aws:iam::aws:policy/AmazonEKS_CNI_Policy",
            "role": "ec2roleforeks"
          },
          "sensitive_attributes": [],
          "private": "bnVsbA==",
          "dependencies": [
            "module.eks.data.aws_iam_role.node_role"
          ]
        },
        {
          "index_key": "arn:aws:iam::aws:policy/service-role/AmazonEFSCSIDriverPolicy",
          "schema_version": 0,
          "attributes": {
            "id": "ec2roleforeks-20250610041431011100000005",
            "policy_arn": "arn:aws:iam::aws:policy/service-role/AmazonEFSCSIDriverPolicy",
            "role": "ec2roleforeks"
          },
          "sensitive_attributes": [],
          "private": "bnVsbA==",
          "dependencies": [
            "module.eks.data.aws_iam_role.node_role"
          ]
        }
      ]
    },
    {
      "module": "module.eks",
      "mode": "managed",
      "type": "aws_iam_role_policy_attachment",
      "name": "eks_vpc_cni_policy",
      "provider": "provider[\"registry.terraform.io/hashicorp/aws\"]",
      "instances": [
        {
          "schema_version": 0,
          "attributes": {
            "id": "Terraform_AmazonEKSPodIdentityAmazonVPCCNIRole-20250610044443592200000002",
            "policy_arn": "arn:aws:iam::aws:policy/AmazonEKS_CNI_Policy",
            "role": "Terraform_AmazonEKSPodIdentityAmazonVPCCNIRole"
          },
          "sensitive_attributes": [],
          "private": "bnVsbA==",
          "dependencies": [
            "module.eks.aws_iam_role.vpc_cni_pod_identity_role"
          ]
        }
      ]
    },
    {
      "module": "module.eks",
      "mode": "managed",
      "type": "aws_security_group",
      "name": "eks_SG",
      "provider": "provider[\"registry.terraform.io/hashicorp/aws\"]",
      "instances": [
        {
          "schema_version": 1,
          "attributes": {
            "arn": "arn:aws:ec2:ap-southeast-1:590183945701:security-group/sg-0e7def17a70530955",
            "description": "EKS_Terraform_SG",
            "egress": [
              {
                "cidr_blocks": [
                  "0.0.0.0/0"
                ],
                "description": "",
                "from_port": 0,
                "ipv6_cidr_blocks": [],
                "prefix_list_ids": [],
                "protocol": "-1",
                "security_groups": [],
                "self": false,
                "to_port": 0
              }
            ],
            "id": "sg-0e7def17a70530955",
            "ingress": [
              {
                "cidr_blocks": [
                  "0.0.0.0/0"
                ],
                "description": "Inbound Rule",
                "from_port": 0,
                "ipv6_cidr_blocks": [],
                "prefix_list_ids": [],
                "protocol": "-1",
                "security_groups": [],
                "self": false,
                "to_port": 0
              },
              {
                "cidr_blocks": [
                  "0.0.0.0/0"
                ],
                "description": "Inbound Rule",
                "from_port": 22,
                "ipv6_cidr_blocks": [],
                "prefix_list_ids": [],
                "protocol": "tcp",
                "security_groups": [],
                "self": false,
                "to_port": 22
              }
            ],
            "name": "EKS_Terraform_SG",
            "name_prefix": "",
            "owner_id": "590183945701",
            "revoke_rules_on_delete": false,
            "tags": {
              "Name": "EKS_Terraform_SG"
            },
            "tags_all": {
              "Name": "EKS_Terraform_SG"
            },
            "timeouts": null,
            "vpc_id": "vpc-0646d709e8cf72bfd"
          },
          "sensitive_attributes": [],
          "private": "eyJlMmJmYjczMC1lY2FhLTExZTYtOGY4OC0zNDM2M2JjN2M0YzAiOnsiY3JlYXRlIjo2MDAwMDAwMDAwMDAsImRlbGV0ZSI6OTAwMDAwMDAwMDAwfSwic2NoZW1hX3ZlcnNpb24iOiIxIn0=",
          "dependencies": [
            "module.vpc.aws_vpc.main_vpc"
          ]
        }
      ]
    },
    {
      "module": "module.vpc",
      "mode": "data",
      "type": "aws_availability_zones",
      "name": "azs",
      "provider": "provider[\"registry.terraform.io/hashicorp/aws\"]",
      "instances": [
        {
          "schema_version": 0,
          "attributes": {
            "all_availability_zones": null,
            "exclude_names": null,
            "exclude_zone_ids": null,
            "filter": null,
            "group_names": [
              "ap-southeast-1-zg-1"
            ],
            "id": "ap-southeast-1",
            "names": [
              "ap-southeast-1a",
              "ap-southeast-1b",
              "ap-southeast-1c"
            ],
            "state": null,
            "timeouts": null,
            "zone_ids": [
              "apse1-az1",
              "apse1-az2",
              "apse1-az3"
            ]
          },
          "sensitive_attributes": []
        }
      ]
    },
    {
      "module": "module.vpc",
      "mode": "managed",
      "type": "aws_internet_gateway",
      "name": "main_ig",
      "provider": "provider[\"registry.terraform.io/hashicorp/aws\"]",
      "instances": [
        {
          "schema_version": 0,
          "attributes": {
            "arn": "arn:aws:ec2:ap-southeast-1:590183945701:internet-gateway/igw-066881d4e06da5379",
            "id": "igw-066881d4e06da5379",
            "owner_id": "590183945701",
            "tags": {
              "Name": "Terraform_ig"
            },
            "tags_all": {
              "Name": "Terraform_ig"
            },
            "timeouts": null,
            "vpc_id": "vpc-0646d709e8cf72bfd"
          },
          "sensitive_attributes": [],
          "private": "eyJlMmJmYjczMC1lY2FhLTExZTYtOGY4OC0zNDM2M2JjN2M0YzAiOnsiY3JlYXRlIjoxMjAwMDAwMDAwMDAwLCJkZWxldGUiOjEyMDAwMDAwMDAwMDAsInVwZGF0ZSI6MTIwMDAwMDAwMDAwMH19",
          "dependencies": [
            "module.vpc.aws_vpc.main_vpc"
          ]
        }
      ]
    },
    {
      "module": "module.vpc",
      "mode": "managed",
      "type": "aws_route_table",
      "name": "main_rt",
      "provider": "provider[\"registry.terraform.io/hashicorp/aws\"]",
      "instances": [
        {
          "schema_version": 0,
          "attributes": {
            "arn": "arn:aws:ec2:ap-southeast-1:590183945701:route-table/rtb-014f32c9c85b545b7",
            "id": "rtb-014f32c9c85b545b7",
            "owner_id": "590183945701",
            "propagating_vgws": [],
            "route": [
              {
                "carrier_gateway_id": "",
                "cidr_block": "0.0.0.0/0",
                "core_network_arn": "",
                "destination_prefix_list_id": "",
                "egress_only_gateway_id": "",
                "gateway_id": "igw-066881d4e06da5379",
                "ipv6_cidr_block": "",
                "local_gateway_id": "",
                "nat_gateway_id": "",
                "network_interface_id": "",
                "transit_gateway_id": "",
                "vpc_endpoint_id": "",
                "vpc_peering_connection_id": ""
              }
            ],
            "tags": {
              "Name": "Terraform_rt"
            },
            "tags_all": {
              "Name": "Terraform_rt"
            },
            "timeouts": null,
            "vpc_id": "vpc-0646d709e8cf72bfd"
          },
          "sensitive_attributes": [],
          "private": "eyJlMmJmYjczMC1lY2FhLTExZTYtOGY4OC0zNDM2M2JjN2M0YzAiOnsiY3JlYXRlIjozMDAwMDAwMDAwMDAsImRlbGV0ZSI6MzAwMDAwMDAwMDAwLCJ1cGRhdGUiOjEyMDAwMDAwMDAwMH19",
          "dependencies": [
            "module.vpc.aws_internet_gateway.main_ig",
            "module.vpc.aws_vpc.main_vpc"
          ]
        }
      ]
    },
    {
      "module": "module.vpc",
      "mode": "managed",
      "type": "aws_route_table_association",
      "name": "main_rt-association-subnet",
      "provider": "provider[\"registry.terraform.io/hashicorp/aws\"]",
      "instances": [
        {
          "index_key": 0,
          "schema_version": 0,
          "attributes": {
            "gateway_id": "",
            "id": "rtbassoc-0ca99eeaa786a6c05",
            "route_table_id": "rtb-014f32c9c85b545b7",
            "subnet_id": "subnet-06e7d07711a48a6c5",
            "timeouts": null
          },
          "sensitive_attributes": [],
          "private": "eyJlMmJmYjczMC1lY2FhLTExZTYtOGY4OC0zNDM2M2JjN2M0YzAiOnsiY3JlYXRlIjozMDAwMDAwMDAwMDAsImRlbGV0ZSI6MzAwMDAwMDAwMDAwLCJ1cGRhdGUiOjEyMDAwMDAwMDAwMH19",
          "dependencies": [
            "module.vpc.aws_internet_gateway.main_ig",
            "module.vpc.aws_route_table.main_rt",
            "module.vpc.aws_subnet.main_subnet",
            "module.vpc.aws_vpc.main_vpc",
            "module.vpc.data.aws_availability_zones.azs"
          ]
        },
        {
          "index_key": 1,
          "schema_version": 0,
          "attributes": {
            "gateway_id": "",
            "id": "rtbassoc-0122680d2330c1205",
            "route_table_id": "rtb-014f32c9c85b545b7",
            "subnet_id": "subnet-0f772eb072c1a49ae",
            "timeouts": null
          },
          "sensitive_attributes": [],
          "private": "eyJlMmJmYjczMC1lY2FhLTExZTYtOGY4OC0zNDM2M2JjN2M0YzAiOnsiY3JlYXRlIjozMDAwMDAwMDAwMDAsImRlbGV0ZSI6MzAwMDAwMDAwMDAwLCJ1cGRhdGUiOjEyMDAwMDAwMDAwMH19",
          "dependencies": [
            "module.vpc.aws_internet_gateway.main_ig",
            "module.vpc.aws_route_table.main_rt",
            "module.vpc.aws_subnet.main_subnet",
            "module.vpc.aws_vpc.main_vpc",
            "module.vpc.data.aws_availability_zones.azs"
          ]
        },
        {
          "index_key": 2,
          "schema_version": 0,
          "attributes": {
            "gateway_id": "",
            "id": "rtbassoc-0dfea87a310c8404d",
            "route_table_id": "rtb-014f32c9c85b545b7",
            "subnet_id": "subnet-0874624c952c75d15",
            "timeouts": null
          },
          "sensitive_attributes": [],
          "private": "eyJlMmJmYjczMC1lY2FhLTExZTYtOGY4OC0zNDM2M2JjN2M0YzAiOnsiY3JlYXRlIjozMDAwMDAwMDAwMDAsImRlbGV0ZSI6MzAwMDAwMDAwMDAwLCJ1cGRhdGUiOjEyMDAwMDAwMDAwMH19",
          "dependencies": [
            "module.vpc.aws_internet_gateway.main_ig",
            "module.vpc.aws_route_table.main_rt",
            "module.vpc.aws_subnet.main_subnet",
            "module.vpc.aws_vpc.main_vpc",
            "module.vpc.data.aws_availability_zones.azs"
          ]
        }
      ]
    },
    {
      "module": "module.vpc",
      "mode": "managed",
      "type": "aws_subnet",
      "name": "main_subnet",
      "provider": "provider[\"registry.terraform.io/hashicorp/aws\"]",
      "instances": [
        {
          "index_key": 0,
          "schema_version": 1,
          "attributes": {
            "arn": "arn:aws:ec2:ap-southeast-1:590183945701:subnet/subnet-06e7d07711a48a6c5",
            "assign_ipv6_address_on_creation": false,
            "availability_zone": "ap-southeast-1a",
            "availability_zone_id": "apse1-az1",
            "cidr_block": "10.0.0.0/26",
            "customer_owned_ipv4_pool": "",
            "enable_dns64": false,
            "enable_lni_at_device_index": 0,
            "enable_resource_name_dns_a_record_on_launch": false,
            "enable_resource_name_dns_aaaa_record_on_launch": false,
            "id": "subnet-06e7d07711a48a6c5",
            "ipv6_cidr_block": "",
            "ipv6_cidr_block_association_id": "",
            "ipv6_native": false,
            "map_customer_owned_ip_on_launch": false,
            "map_public_ip_on_launch": true,
            "outpost_arn": "",
            "owner_id": "590183945701",
            "private_dns_hostname_type_on_launch": "ip-name",
            "tags": {
              "Name": "Terraform_public_subnet-1",
              "kubernetes.io/cluster/testing_k8s": "shared",
              "kubernetes.io/role/elb": "1"
            },
            "tags_all": {
              "Name": "Terraform_public_subnet-1",
              "kubernetes.io/cluster/testing_k8s": "shared",
              "kubernetes.io/role/elb": "1"
            },
            "timeouts": null,
            "vpc_id": "vpc-0646d709e8cf72bfd"
          },
          "sensitive_attributes": [],
          "private": "eyJlMmJmYjczMC1lY2FhLTExZTYtOGY4OC0zNDM2M2JjN2M0YzAiOnsiY3JlYXRlIjo2MDAwMDAwMDAwMDAsImRlbGV0ZSI6MTIwMDAwMDAwMDAwMH0sInNjaGVtYV92ZXJzaW9uIjoiMSJ9",
          "dependencies": [
            "module.vpc.aws_vpc.main_vpc",
            "module.vpc.data.aws_availability_zones.azs"
          ]
        },
        {
          "index_key": 1,
          "schema_version": 1,
          "attributes": {
            "arn": "arn:aws:ec2:ap-southeast-1:590183945701:subnet/subnet-0f772eb072c1a49ae",
            "assign_ipv6_address_on_creation": false,
            "availability_zone": "ap-southeast-1b",
            "availability_zone_id": "apse1-az2",
            "cidr_block": "10.0.0.64/26",
            "customer_owned_ipv4_pool": "",
            "enable_dns64": false,
            "enable_lni_at_device_index": 0,
            "enable_resource_name_dns_a_record_on_launch": false,
            "enable_resource_name_dns_aaaa_record_on_launch": false,
            "id": "subnet-0f772eb072c1a49ae",
            "ipv6_cidr_block": "",
            "ipv6_cidr_block_association_id": "",
            "ipv6_native": false,
            "map_customer_owned_ip_on_launch": false,
            "map_public_ip_on_launch": true,
            "outpost_arn": "",
            "owner_id": "590183945701",
            "private_dns_hostname_type_on_launch": "ip-name",
            "tags": {
              "Name": "Terraform_public_subnet-2",
              "kubernetes.io/cluster/testing_k8s": "shared",
              "kubernetes.io/role/elb": "1"
            },
            "tags_all": {
              "Name": "Terraform_public_subnet-2",
              "kubernetes.io/cluster/testing_k8s": "shared",
              "kubernetes.io/role/elb": "1"
            },
            "timeouts": null,
            "vpc_id": "vpc-0646d709e8cf72bfd"
          },
          "sensitive_attributes": [],
          "private": "eyJlMmJmYjczMC1lY2FhLTExZTYtOGY4OC0zNDM2M2JjN2M0YzAiOnsiY3JlYXRlIjo2MDAwMDAwMDAwMDAsImRlbGV0ZSI6MTIwMDAwMDAwMDAwMH0sInNjaGVtYV92ZXJzaW9uIjoiMSJ9",
          "dependencies": [
            "module.vpc.aws_vpc.main_vpc",
            "module.vpc.data.aws_availability_zones.azs"
          ]
        },
        {
          "index_key": 2,
          "schema_version": 1,
          "attributes": {
            "arn": "arn:aws:ec2:ap-southeast-1:590183945701:subnet/subnet-0874624c952c75d15",
            "assign_ipv6_address_on_creation": false,
            "availability_zone": "ap-southeast-1c",
            "availability_zone_id": "apse1-az3",
            "cidr_block": "10.0.0.128/26",
            "customer_owned_ipv4_pool": "",
            "enable_dns64": false,
            "enable_lni_at_device_index": 0,
            "enable_resource_name_dns_a_record_on_launch": false,
            "enable_resource_name_dns_aaaa_record_on_launch": false,
            "id": "subnet-0874624c952c75d15",
            "ipv6_cidr_block": "",
            "ipv6_cidr_block_association_id": "",
            "ipv6_native": false,
            "map_customer_owned_ip_on_launch": false,
            "map_public_ip_on_launch": true,
            "outpost_arn": "",
            "owner_id": "590183945701",
            "private_dns_hostname_type_on_launch": "ip-name",
            "tags": {
              "Name": "Terraform_public_subnet-3",
              "kubernetes.io/cluster/testing_k8s": "shared",
              "kubernetes.io/role/elb": "1"
            },
            "tags_all": {
              "Name": "Terraform_public_subnet-3",
              "kubernetes.io/cluster/testing_k8s": "shared",
              "kubernetes.io/role/elb": "1"
            },
            "timeouts": null,
            "vpc_id": "vpc-0646d709e8cf72bfd"
          },
          "sensitive_attributes": [],
          "private": "eyJlMmJmYjczMC1lY2FhLTExZTYtOGY4OC0zNDM2M2JjN2M0YzAiOnsiY3JlYXRlIjo2MDAwMDAwMDAwMDAsImRlbGV0ZSI6MTIwMDAwMDAwMDAwMH0sInNjaGVtYV92ZXJzaW9uIjoiMSJ9",
          "dependencies": [
            "module.vpc.aws_vpc.main_vpc",
            "module.vpc.data.aws_availability_zones.azs"
          ]
        }
      ]
    },
    {
      "module": "module.vpc",
      "mode": "managed",
      "type": "aws_vpc",
      "name": "main_vpc",
      "provider": "provider[\"registry.terraform.io/hashicorp/aws\"]",
      "instances": [
        {
          "schema_version": 1,
          "attributes": {
            "arn": "arn:aws:ec2:ap-southeast-1:590183945701:vpc/vpc-0646d709e8cf72bfd",
            "assign_generated_ipv6_cidr_block": false,
            "cidr_block": "10.0.0.0/16",
            "default_network_acl_id": "acl-059cb19b8a902ddf6",
            "default_route_table_id": "rtb-058cf95591c36b9f0",
            "default_security_group_id": "sg-02ac4dcdddb9da4fd",
            "dhcp_options_id": "dopt-01d274818061ed760",
            "enable_dns_hostnames": true,
            "enable_dns_support": true,
            "enable_network_address_usage_metrics": false,
            "id": "vpc-0646d709e8cf72bfd",
            "instance_tenancy": "default",
            "ipv4_ipam_pool_id": null,
            "ipv4_netmask_length": null,
            "ipv6_association_id": "",
            "ipv6_cidr_block": "",
            "ipv6_cidr_block_network_border_group": "",
            "ipv6_ipam_pool_id": "",
            "ipv6_netmask_length": 0,
            "main_route_table_id": "rtb-058cf95591c36b9f0",
            "owner_id": "590183945701",
            "tags": {
              "Name": "Terraform_vpc"
            },
            "tags_all": {
              "Name": "Terraform_vpc"
            }
          },
          "sensitive_attributes": [],
          "private": "eyJzY2hlbWFfdmVyc2lvbiI6IjEifQ=="
        }
      ]
    }
  ],
  "check_results": null
}
